{
  "nodes": {
    "freeRTOS-kernel": {
      "flake": false,
      "locked": {
        "lastModified": 1752490218,
        "narHash": "sha256-jaVdWcoPaLuxibYQA+bKY7AgNCMCeIbDvqXy3XWJo+k=",
        "owner": "FreeRTOS",
        "repo": "FreeRTOS-kernel",
        "rev": "684b34ca8db0de1277b9b5359e0d1d822b53b6a2",
        "type": "github"
      },
      "original": {
        "owner": "FreeRTOS",
        "repo": "FreeRTOS-kernel",
        "type": "github"
      }
    },
    "nixpkgs": {
      "locked": {
        "lastModified": 1752950548,
        "narHash": "sha256-NS6BLD0lxOrnCiEOcvQCDVPXafX1/ek1dfJHX1nUIzc=",
        "owner": "nixos",
        "repo": "nixpkgs",
        "rev": "c87b95e25065c028d31a94f06a62927d18763fdf",
        "type": "github"
      },
      "original": {
        "owner": "nixos",
        "ref": "nixos-unstable",
        "repo": "nixpkgs",
        "type": "github"
      }
    },
    "picoprobe": {
      "flake": false,
      "locked": {
        "lastModified": 1751896838,
        "narHash": "sha256-uEsMeIfjR2Y1g033e2aT10oUfoKuhG0QktMu89Z/kJI=",
        "owner": "raspberrypi",
        "repo": "picoprobe",
        "rev": "466432c5eb8d3c4a70842833804996c15ed18c51",
        "type": "github"
      },
      "original": {
        "owner": "raspberrypi",
        "repo": "picoprobe",
        "type": "github"
      }
    },
    "root": {
      "inputs": {
        "freeRTOS-kernel": "freeRTOS-kernel",
        "nixpkgs": "nixpkgs",
        "picoprobe": "picoprobe"
      }
    }
  },
  "root": "root",
  "version": 7
}
